
Microsoft Visual Studio Solution File, Format Version 12.00
# Visual Studio 15
VisualStudioVersion = 15.0.26730.15
MinimumVisualStudioVersion = 10.0.40219.1
Project("{9A19103F-16F7-4668-BE54-9A1E7A4F7556}") = "HiHelloApi", "HiHelloApi\HiHelloApi.csproj", "{5443E431-1D26-47E4-B0A3-BCE1EEB41DE5}"
EndProject
Project("{FAE04EC0-301F-11D3-BF4B-00C04F79EFBC}") = "HiHelloApi.Tests", "HiHelloApi.Tests\HiHelloApi.Tests.csproj", "{0A5F5085-4642-45D9-A507-80D26AC96B0C}"
EndProject
Global
	GlobalSection(SolutionConfigurationPlatforms) = preSolution
		Debug|Any CPU = Debug|Any CPU
		Release|Any CPU = Release|Any CPU
	EndGlobalSection
	GlobalSection(ProjectConfigurationPlatforms) = postSolution
		{5443E431-1D26-47E4-B0A3-BCE1EEB41DE5}.Debug|Any CPU.ActiveCfg = Debug|Any CPU
		{5443E431-1D26-47E4-B0A3-BCE1EEB41DE5}.Debug|Any CPU.Build.0 = Debug|Any CPU
		{5443E431-1D26-47E4-B0A3-BCE1EEB41DE5}.Release|Any CPU.ActiveCfg = Release|Any CPU
		{5443E431-1D26-47E4-B0A3-BCE1EEB41DE5}.Release|Any CPU.Build.0 = Release|Any CPU
		{0A5F5085-4642-45D9-A507-80D26AC96B0C}.Debug|Any CPU.ActiveCfg = Debug|Any CPU
		{0A5F5085-4642-45D9-A507-80D26AC96B0C}.Debug|Any CPU.Build.0 = Debug|Any CPU
		{0A5F5085-4642-45D9-A507-80D26AC96B0C}.Release|Any CPU.ActiveCfg = Release|Any CPU
		{0A5F5085-4642-45D9-A507-80D26AC96B0C}.Release|Any CPU.Build.0 = Release|Any CPU
	EndGlobalSection
	GlobalSection(SolutionProperties) = preSolution
		HideSolutionNode = FALSE
	EndGlobalSection
	GlobalSection(ExtensibilityGlobals) = postSolution
		SolutionGuid = {85DE33F5-7378-4D7C-9957-D9FB0CF17CC2}
	EndGlobalSection
EndGlobal
